
Microsoft Visual Studio Solution File, Format Version 12.00
# Visual Studio Version 17
VisualStudioVersion = 17.2.32516.85
MinimumVisualStudioVersion = 10.0.40219.1
Project("{9A19103F-16F7-4668-BE54-9A1E7A4F7556}") = "HamsterWarsApi.Server", "HamsterWarsApi\Server\HamsterWarsApi.Server.csproj", "{76C59E24-AB33-44D4-9542-1F50F59A1416}"
EndProject
Project("{9A19103F-16F7-4668-BE54-9A1E7A4F7556}") = "HamsterWarsApi.Client", "HamsterWarsApi\Client\HamsterWarsApi.Client.csproj", "{841AF26C-A2E9-4DAC-82F1-DE2B47631D2A}"
EndProject
Project("{9A19103F-16F7-4668-BE54-9A1E7A4F7556}") = "HamsterWarsApi.Shared", "HamsterWarsApi\Shared\HamsterWarsApi.Shared.csproj", "{855042C8-40E1-4EA7-8265-E1A8AB3523AF}"
EndProject
Global
	GlobalSection(SolutionConfigurationPlatforms) = preSolution
		Debug|Any CPU = Debug|Any CPU
		Release|Any CPU = Release|Any CPU
	EndGlobalSection
	GlobalSection(ProjectConfigurationPlatforms) = postSolution
		{76C59E24-AB33-44D4-9542-1F50F59A1416}.Debug|Any CPU.ActiveCfg = Debug|Any CPU
		{76C59E24-AB33-44D4-9542-1F50F59A1416}.Debug|Any CPU.Build.0 = Debug|Any CPU
		{76C59E24-AB33-44D4-9542-1F50F59A1416}.Release|Any CPU.ActiveCfg = Release|Any CPU
		{76C59E24-AB33-44D4-9542-1F50F59A1416}.Release|Any CPU.Build.0 = Release|Any CPU
		{841AF26C-A2E9-4DAC-82F1-DE2B47631D2A}.Debug|Any CPU.ActiveCfg = Debug|Any CPU
		{841AF26C-A2E9-4DAC-82F1-DE2B47631D2A}.Debug|Any CPU.Build.0 = Debug|Any CPU
		{841AF26C-A2E9-4DAC-82F1-DE2B47631D2A}.Release|Any CPU.ActiveCfg = Release|Any CPU
		{841AF26C-A2E9-4DAC-82F1-DE2B47631D2A}.Release|Any CPU.Build.0 = Release|Any CPU
		{855042C8-40E1-4EA7-8265-E1A8AB3523AF}.Debug|Any CPU.ActiveCfg = Debug|Any CPU
		{855042C8-40E1-4EA7-8265-E1A8AB3523AF}.Debug|Any CPU.Build.0 = Debug|Any CPU
		{855042C8-40E1-4EA7-8265-E1A8AB3523AF}.Release|Any CPU.ActiveCfg = Release|Any CPU
		{855042C8-40E1-4EA7-8265-E1A8AB3523AF}.Release|Any CPU.Build.0 = Release|Any CPU
	EndGlobalSection
	GlobalSection(SolutionProperties) = preSolution
		HideSolutionNode = FALSE
	EndGlobalSection
	GlobalSection(ExtensibilityGlobals) = postSolution
		SolutionGuid = {2DF597B8-261E-48D8-994D-A567E4B81622}
	EndGlobalSection
EndGlobal
